
Microsoft Visual Studio Solution File, Format Version 12.00
# Visual Studio Version 17
VisualStudioVersion = 17.8.34408.163
MinimumVisualStudioVersion = 10.0.40219.1
Project("{9A19103F-16F7-4668-BE54-9A1E7A4F7556}") = "ashish-azure-demo-vs", "ashish-azure-demo-vs\ashish-azure-demo-vs.csproj", "{58F5D6D6-63FE-4678-B43F-74FC1449AD4F}"
EndProject
Project("{9A19103F-16F7-4668-BE54-9A1E7A4F7556}") = "ashish-storageacc-demo", "ashish-storageacc-demo\ashish-storageacc-demo.csproj", "{143E90C5-EAC1-4732-A91F-424B7B9CA903}"
EndProject
Project("{9A19103F-16F7-4668-BE54-9A1E7A4F7556}") = "Console.QueueConsumer.Demo", "Console.QueueConsumer.Demo\Console.QueueConsumer.Demo.csproj", "{66C34115-B009-4C20-9FBD-F84938341538}"
EndProject
Project("{FAE04EC0-301F-11D3-BF4B-00C04F79EFBC}") = "Console.ServiceBusSender.Demo", "Console.ServiceBusSender.Demo\Console.ServiceBusSender.Demo.csproj", "{CE5F1597-7F16-4765-AEA7-EAE2F43EB04C}"
EndProject
Project("{FAE04EC0-301F-11D3-BF4B-00C04F79EFBC}") = "Console.ServiceBusReceiver.Demo", "Console.ServiceBusReceiver.Demo\Console.ServiceBusReceiver.Demo.csproj", "{594C76F4-7B52-4B68-A4F5-AFD5E0295153}"
EndProject
Global
	GlobalSection(SolutionConfigurationPlatforms) = preSolution
		Debug|Any CPU = Debug|Any CPU
		Release|Any CPU = Release|Any CPU
	EndGlobalSection
	GlobalSection(ProjectConfigurationPlatforms) = postSolution
		{58F5D6D6-63FE-4678-B43F-74FC1449AD4F}.Debug|Any CPU.ActiveCfg = Debug|Any CPU
		{58F5D6D6-63FE-4678-B43F-74FC1449AD4F}.Debug|Any CPU.Build.0 = Debug|Any CPU
		{58F5D6D6-63FE-4678-B43F-74FC1449AD4F}.Release|Any CPU.ActiveCfg = Release|Any CPU
		{58F5D6D6-63FE-4678-B43F-74FC1449AD4F}.Release|Any CPU.Build.0 = Release|Any CPU
		{143E90C5-EAC1-4732-A91F-424B7B9CA903}.Debug|Any CPU.ActiveCfg = Debug|Any CPU
		{143E90C5-EAC1-4732-A91F-424B7B9CA903}.Debug|Any CPU.Build.0 = Debug|Any CPU
		{143E90C5-EAC1-4732-A91F-424B7B9CA903}.Release|Any CPU.ActiveCfg = Release|Any CPU
		{143E90C5-EAC1-4732-A91F-424B7B9CA903}.Release|Any CPU.Build.0 = Release|Any CPU
		{66C34115-B009-4C20-9FBD-F84938341538}.Debug|Any CPU.ActiveCfg = Debug|Any CPU
		{66C34115-B009-4C20-9FBD-F84938341538}.Debug|Any CPU.Build.0 = Debug|Any CPU
		{66C34115-B009-4C20-9FBD-F84938341538}.Release|Any CPU.ActiveCfg = Release|Any CPU
		{66C34115-B009-4C20-9FBD-F84938341538}.Release|Any CPU.Build.0 = Release|Any CPU
		{CE5F1597-7F16-4765-AEA7-EAE2F43EB04C}.Debug|Any CPU.ActiveCfg = Debug|Any CPU
		{CE5F1597-7F16-4765-AEA7-EAE2F43EB04C}.Debug|Any CPU.Build.0 = Debug|Any CPU
		{CE5F1597-7F16-4765-AEA7-EAE2F43EB04C}.Release|Any CPU.ActiveCfg = Release|Any CPU
		{CE5F1597-7F16-4765-AEA7-EAE2F43EB04C}.Release|Any CPU.Build.0 = Release|Any CPU
		{594C76F4-7B52-4B68-A4F5-AFD5E0295153}.Debug|Any CPU.ActiveCfg = Debug|Any CPU
		{594C76F4-7B52-4B68-A4F5-AFD5E0295153}.Debug|Any CPU.Build.0 = Debug|Any CPU
		{594C76F4-7B52-4B68-A4F5-AFD5E0295153}.Release|Any CPU.ActiveCfg = Release|Any CPU
		{594C76F4-7B52-4B68-A4F5-AFD5E0295153}.Release|Any CPU.Build.0 = Release|Any CPU
	EndGlobalSection
	GlobalSection(SolutionProperties) = preSolution
		HideSolutionNode = FALSE
	EndGlobalSection
	GlobalSection(ExtensibilityGlobals) = postSolution
		SolutionGuid = {6042377A-0020-4571-A055-23C5889F7952}
	EndGlobalSection
EndGlobal
