
Microsoft Visual Studio Solution File, Format Version 12.00
# Visual Studio Version 17
VisualStudioVersion = 17.8.34408.163
MinimumVisualStudioVersion = 10.0.40219.1
Project("{9A19103F-16F7-4668-BE54-9A1E7A4F7556}") = "ashish-azure-demo-vs", "ashish-azure-demo-vs\ashish-azure-demo-vs.csproj", "{58F5D6D6-63FE-4678-B43F-74FC1449AD4F}"
EndProject
Project("{9A19103F-16F7-4668-BE54-9A1E7A4F7556}") = "ashish-storageacc-demo", "ashish-storageacc-demo\ashish-storageacc-demo.csproj", "{143E90C5-EAC1-4732-A91F-424B7B9CA903}"
EndProject
Project("{9A19103F-16F7-4668-BE54-9A1E7A4F7556}") = "Console.QueueConsumer.Demo", "Console.QueueConsumer.Demo\Console.QueueConsumer.Demo.csproj", "{66C34115-B009-4C20-9FBD-F84938341538}"
EndProject
Project("{9A19103F-16F7-4668-BE54-9A1E7A4F7556}") = "Console.ServiceBusSender.Demo", "Console.ServiceBusSender.Demo\Console.ServiceBusSender.Demo.csproj", "{CE5F1597-7F16-4765-AEA7-EAE2F43EB04C}"
EndProject
Project("{9A19103F-16F7-4668-BE54-9A1E7A4F7556}") = "Console.ServiceBusReceiver.Demo", "Console.ServiceBusReceiver.Demo\Console.ServiceBusReceiver.Demo.csproj", "{594C76F4-7B52-4B68-A4F5-AFD5E0295153}"
EndProject
Project("{9A19103F-16F7-4668-BE54-9A1E7A4F7556}") = "FunctionApp.Demo", "FunctionApp.Demo\FunctionApp.Demo.csproj", "{35B1216A-6533-4093-846C-A4018CF839D0}"
EndProject
Project("{FAE04EC0-301F-11D3-BF4B-00C04F79EFBC}") = "Microservice1Api.Containers.Demo", "Microservice1Api.Containers.Demo\Microservice1Api.Containers.Demo.csproj", "{F1D1AD03-0D92-4311-830E-23BF3E55A3D1}"
EndProject
Project("{FAE04EC0-301F-11D3-BF4B-00C04F79EFBC}") = "Microservice2Api.Containers.Demo", "Microservice2Api.Containers.Demo\Microservice2Api.Containers.Demo.csproj", "{3B3FA40C-1EBA-43D6-A531-CE33D5674F50}"
EndProject
Project("{E53339B2-1760-4266-BCC7-CA923CBCF16C}") = "docker-compose", "docker-compose.dcproj", "{7D600429-385B-468E-ACD3-5FB51BF14D10}"
EndProject
Global
	GlobalSection(SolutionConfigurationPlatforms) = preSolution
		Debug|Any CPU = Debug|Any CPU
		Release|Any CPU = Release|Any CPU
	EndGlobalSection
	GlobalSection(ProjectConfigurationPlatforms) = postSolution
		{58F5D6D6-63FE-4678-B43F-74FC1449AD4F}.Debug|Any CPU.ActiveCfg = Debug|Any CPU
		{58F5D6D6-63FE-4678-B43F-74FC1449AD4F}.Debug|Any CPU.Build.0 = Debug|Any CPU
		{58F5D6D6-63FE-4678-B43F-74FC1449AD4F}.Release|Any CPU.ActiveCfg = Release|Any CPU
		{58F5D6D6-63FE-4678-B43F-74FC1449AD4F}.Release|Any CPU.Build.0 = Release|Any CPU
		{143E90C5-EAC1-4732-A91F-424B7B9CA903}.Debug|Any CPU.ActiveCfg = Debug|Any CPU
		{143E90C5-EAC1-4732-A91F-424B7B9CA903}.Debug|Any CPU.Build.0 = Debug|Any CPU
		{143E90C5-EAC1-4732-A91F-424B7B9CA903}.Release|Any CPU.ActiveCfg = Release|Any CPU
		{143E90C5-EAC1-4732-A91F-424B7B9CA903}.Release|Any CPU.Build.0 = Release|Any CPU
		{66C34115-B009-4C20-9FBD-F84938341538}.Debug|Any CPU.ActiveCfg = Debug|Any CPU
		{66C34115-B009-4C20-9FBD-F84938341538}.Debug|Any CPU.Build.0 = Debug|Any CPU
		{66C34115-B009-4C20-9FBD-F84938341538}.Release|Any CPU.ActiveCfg = Release|Any CPU
		{66C34115-B009-4C20-9FBD-F84938341538}.Release|Any CPU.Build.0 = Release|Any CPU
		{CE5F1597-7F16-4765-AEA7-EAE2F43EB04C}.Debug|Any CPU.ActiveCfg = Debug|Any CPU
		{CE5F1597-7F16-4765-AEA7-EAE2F43EB04C}.Debug|Any CPU.Build.0 = Debug|Any CPU
		{CE5F1597-7F16-4765-AEA7-EAE2F43EB04C}.Release|Any CPU.ActiveCfg = Release|Any CPU
		{CE5F1597-7F16-4765-AEA7-EAE2F43EB04C}.Release|Any CPU.Build.0 = Release|Any CPU
		{594C76F4-7B52-4B68-A4F5-AFD5E0295153}.Debug|Any CPU.ActiveCfg = Debug|Any CPU
		{594C76F4-7B52-4B68-A4F5-AFD5E0295153}.Debug|Any CPU.Build.0 = Debug|Any CPU
		{594C76F4-7B52-4B68-A4F5-AFD5E0295153}.Release|Any CPU.ActiveCfg = Release|Any CPU
		{594C76F4-7B52-4B68-A4F5-AFD5E0295153}.Release|Any CPU.Build.0 = Release|Any CPU
		{35B1216A-6533-4093-846C-A4018CF839D0}.Debug|Any CPU.ActiveCfg = Debug|Any CPU
		{35B1216A-6533-4093-846C-A4018CF839D0}.Debug|Any CPU.Build.0 = Debug|Any CPU
		{35B1216A-6533-4093-846C-A4018CF839D0}.Release|Any CPU.ActiveCfg = Release|Any CPU
		{35B1216A-6533-4093-846C-A4018CF839D0}.Release|Any CPU.Build.0 = Release|Any CPU
		{F1D1AD03-0D92-4311-830E-23BF3E55A3D1}.Debug|Any CPU.ActiveCfg = Debug|Any CPU
		{F1D1AD03-0D92-4311-830E-23BF3E55A3D1}.Debug|Any CPU.Build.0 = Debug|Any CPU
		{F1D1AD03-0D92-4311-830E-23BF3E55A3D1}.Release|Any CPU.ActiveCfg = Release|Any CPU
		{F1D1AD03-0D92-4311-830E-23BF3E55A3D1}.Release|Any CPU.Build.0 = Release|Any CPU
		{3B3FA40C-1EBA-43D6-A531-CE33D5674F50}.Debug|Any CPU.ActiveCfg = Debug|Any CPU
		{3B3FA40C-1EBA-43D6-A531-CE33D5674F50}.Debug|Any CPU.Build.0 = Debug|Any CPU
		{3B3FA40C-1EBA-43D6-A531-CE33D5674F50}.Release|Any CPU.ActiveCfg = Release|Any CPU
		{3B3FA40C-1EBA-43D6-A531-CE33D5674F50}.Release|Any CPU.Build.0 = Release|Any CPU
		{7D600429-385B-468E-ACD3-5FB51BF14D10}.Debug|Any CPU.ActiveCfg = Debug|Any CPU
		{7D600429-385B-468E-ACD3-5FB51BF14D10}.Debug|Any CPU.Build.0 = Debug|Any CPU
		{7D600429-385B-468E-ACD3-5FB51BF14D10}.Release|Any CPU.ActiveCfg = Release|Any CPU
		{7D600429-385B-468E-ACD3-5FB51BF14D10}.Release|Any CPU.Build.0 = Release|Any CPU
	EndGlobalSection
	GlobalSection(SolutionProperties) = preSolution
		HideSolutionNode = FALSE
	EndGlobalSection
	GlobalSection(ExtensibilityGlobals) = postSolution
		SolutionGuid = {6042377A-0020-4571-A055-23C5889F7952}
	EndGlobalSection
EndGlobal
